
Microsoft Visual Studio Solution File, Format Version 12.00
# Visual Studio 2012
Project("{FAE04EC0-301F-11D3-BF4B-00C04F79EFBC}") = "JohnPietrangelo4BankWithdrawl", "JohnPietrangelo4BankWithdrawl\JohnPietrangelo4BankWithdrawl.csproj", "{D32A129A-98D2-4755-A0BF-5A332E4652D7}"
EndProject
Global
	GlobalSection(SolutionConfigurationPlatforms) = preSolution
		Debug|Any CPU = Debug|Any CPU
		Release|Any CPU = Release|Any CPU
	EndGlobalSection
	GlobalSection(ProjectConfigurationPlatforms) = postSolution
		{D32A129A-98D2-4755-A0BF-5A332E4652D7}.Debug|Any CPU.ActiveCfg = Debug|Any CPU
		{D32A129A-98D2-4755-A0BF-5A332E4652D7}.Debug|Any CPU.Build.0 = Debug|Any CPU
		{D32A129A-98D2-4755-A0BF-5A332E4652D7}.Release|Any CPU.ActiveCfg = Release|Any CPU
		{D32A129A-98D2-4755-A0BF-5A332E4652D7}.Release|Any CPU.Build.0 = Release|Any CPU
	EndGlobalSection
	GlobalSection(SolutionProperties) = preSolution
		HideSolutionNode = FALSE
	EndGlobalSection
EndGlobal
